
Microsoft Visual Studio Solution File, Format Version 12.00
# Visual Studio 15
VisualStudioVersion = 15.0.28010.2050
MinimumVisualStudioVersion = 10.0.40219.1
Project("{FAE04EC0-301F-11D3-BF4B-00C04F79EFBC}") = "Examples", "Examples\Examples.csproj", "{6421E642-9E0A-448B-B5A4-ADA72FE8CFE3}"
EndProject
Global
	GlobalSection(SolutionConfigurationPlatforms) = preSolution
		Debug|Any CPU = Debug|Any CPU
		Release|Any CPU = Release|Any CPU
	EndGlobalSection
	GlobalSection(ProjectConfigurationPlatforms) = postSolution
		{6421E642-9E0A-448B-B5A4-ADA72FE8CFE3}.Debug|Any CPU.ActiveCfg = Debug|Any CPU
		{6421E642-9E0A-448B-B5A4-ADA72FE8CFE3}.Debug|Any CPU.Build.0 = Debug|Any CPU
		{6421E642-9E0A-448B-B5A4-ADA72FE8CFE3}.Release|Any CPU.ActiveCfg = Release|Any CPU
		{6421E642-9E0A-448B-B5A4-ADA72FE8CFE3}.Release|Any CPU.Build.0 = Release|Any CPU
	EndGlobalSection
	GlobalSection(SolutionProperties) = preSolution
		HideSolutionNode = FALSE
	EndGlobalSection
	GlobalSection(ExtensibilityGlobals) = postSolution
		SolutionGuid = {6DD50EC5-7E2C-48C5-A964-5988C6F41AC0}
	EndGlobalSection
EndGlobal
